lockfileVersion: '9.0'

settings:
  autoInstallPeers: true
  excludeLinksFromLockfile: false

importers:

  .:
    dependencies:
      '@polkadot/keyring':
        specifier: ^14.0.3
        version: 14.0.3(@polkadot/util-crypto@14.0.3(@polkadot/util@14.0.3))(@polkadot/util@14.0.3)
      '@polkadot/types':
        specifier: ^16.5.6
        version: 16.5.6
      '@polkadot/util':
        specifier: ^14.0.3
        version: 14.0.3
      '@polkadot/util-crypto':
        specifier: ^14.0.3
        version: 14.0.3(@polkadot/util@14.0.3)

packages:

  '@noble/curves@1.9.7':
    resolution: {integrity: sha512-gbKGcRUYIjA3/zCCNaWDciTMFI0dCkvou3TL8Zmy5Nc7sJ47a0jtOeZoTaMxkuqRo9cRhjOdZJXegxYE5FN/xw==}
    engines: {node: ^14.21.3 || >=16}

  '@noble/hashes@1.8.0':
    resolution: {integrity: sha512-jCs9ldd7NwzpgXDIf6P3+NrHh9/sD6CQdxHyjQI+h/6rDNo88ypBxxz45UDuZHz9r3tNz7N/VInSVoVdtXEI4A==}
    engines: {node: ^14.21.3 || >=16}

  '@polkadot/keyring@14.0.3':
    resolution: {integrity: sha512-ozp1dQwaHCjgX/fpTTORmHjxdUNQnyiTVJszpzUaUpvtH/IGZhSU/mSHXMqNETS/g57vQa7NatIDcWfyR9abyA==}
    engines: {node: '>=18'}
    peerDependencies:
      '@polkadot/util': 14.0.3
      '@polkadot/util-crypto': 14.0.3

  '@polkadot/networks@14.0.3':
    resolution: {integrity: sha512-/VqTLUDn+Wm8S2L/yaGFddo3oW4vRYav0Rg4pLg/semMZLaN8PJ6h927ucn9JyWdH82QfZfyiIPORt0ZF3isyw==}
    engines: {node: '>=18'}

  '@polkadot/types-augment@16.5.6':
    resolution: {integrity: sha512-QN5UrluUZCVgknUDW0gps/FRQ13Qgm24w53pCd2HgD0nmTtXDt9D4psjWwx5JkGTkUAvpzFWwN41bkxAeCiV6g==}
    engines: {node: '>=18'}

  '@polkadot/types-codec@16.5.6':
    resolution: {integrity: sha512-3tzUv1LZOL97IlQmko4dqbfRC0cg9IQ2QAHRVoDIWsXrVovp1V3kPdP0o6e3I8T2XB9IlbabK91v+ZiIxhGMZw==}
    engines: {node: '>=18'}

  '@polkadot/types-create@16.5.6':
    resolution: {integrity: sha512-g7g3hrjpz4KgqQqei9PU0JY9fsFHBmThWALZk5pWB32vyDyDcXZiyhH3agDhqfmzQiolTW2FuvcNJxgS634J1w==}
    engines: {node: '>=18'}

  '@polkadot/types@16.5.6':
    resolution: {integrity: sha512-X/sfMHJS4RkRhnsc4CQqzUy7BM/s2y71TrBFHPYAjs2q/rbZ/BwvBk70SrUiSa0+iRRn3RewbBZm+AB8CbkdKw==}
    engines: {node: '>=18'}

  '@polkadot/util-crypto@14.0.3':
    resolution: {integrity: sha512-V00BI6XnZLCkrAmV8uN0eSB6fy48CkxdDZT29cgSMSwHPtY6oKUNgd1ST07PGCL5x8XflwjoA7CTlhdbp1Y9gw==}
    engines: {node: '>=18'}
    peerDependencies:
      '@polkadot/util': 14.0.3

  '@polkadot/util@14.0.3':
    resolution: {integrity: sha512-mg1NR7ixHlNiz2zbvdcdy1OXZmca2tVA4DpewGpY/qFkW/gq9HdDrHLu7g0k90QnunDcFW4emb7NB60sGJQ0bw==}
    engines: {node: '>=18'}

  '@polkadot/wasm-bridge@7.5.4':
    resolution: {integrity: sha512-6xaJVvoZbnbgpQYXNw9OHVNWjXmtcoPcWh7hlwx3NpfiLkkjljj99YS+XGZQlq7ks2fVCg7FbfknkNb8PldDaA==}
    engines: {node: '>=18'}
    peerDependencies:
      '@polkadot/util': '*'
      '@polkadot/x-randomvalues': '*'

  '@polkadot/wasm-crypto-asmjs@7.5.4':
    resolution: {integrity: sha512-ZYwxQHAJ8pPt6kYk9XFmyuFuSS+yirJLonvP+DYbxOrARRUHfN4nzp4zcZNXUuaFhpbDobDSFn6gYzye6BUotA==}
    engines: {node: '>=18'}
    peerDependencies:
      '@polkadot/util': '*'

  '@polkadot/wasm-crypto-init@7.5.4':
    resolution: {integrity: sha512-U6s4Eo2rHs2n1iR01vTz/sOQ7eOnRPjaCsGWhPV+ZC/20hkVzwPAhiizu/IqMEol4tO2yiSheD4D6bn0KxUJhg==}
    engines: {node: '>=18'}
    peerDependencies:
      '@polkadot/util': '*'
      '@polkadot/x-randomvalues': '*'

  '@polkadot/wasm-crypto-wasm@7.5.4':
    resolution: {integrity: sha512-PsHgLsVTu43eprwSvUGnxybtOEuHPES6AbApcs7y5ZbM2PiDMzYbAjNul098xJK/CPtrxZ0ePDFnaQBmIJyTFw==}
    engines: {node: '>=18'}
    peerDependencies:
      '@polkadot/util': '*'

  '@polkadot/wasm-crypto@7.5.4':
    resolution: {integrity: sha512-1seyClxa7Jd7kQjfnCzTTTfYhTa/KUTDUaD3DMHBk5Q4ZUN1D1unJgX+v1aUeXSPxmzocdZETPJJRZjhVOqg9g==}
    engines: {node: '>=18'}
    peerDependencies:
      '@polkadot/util': '*'
      '@polkadot/x-randomvalues': '*'

  '@polkadot/wasm-util@7.5.4':
    resolution: {integrity: sha512-hqPpfhCpRAqCIn/CYbBluhh0TXmwkJnDRjxrU9Bnqtw9nMNa97D8JuOjdd2pi0rxm+eeLQ/f1rQMp71RMM9t4w==}
    engines: {node: '>=18'}
    peerDependencies:
      '@polkadot/util': '*'

  '@polkadot/x-bigint@14.0.3':
    resolution: {integrity: sha512-U0al6BKgldFrEbmSObRAlzv9VDs5SMa/rbvZKvvkVec0sWTzYPWQZU1ZC/biXLYdjdKML89BeuCKmXZtCcGhUQ==}
    engines: {node: '>=18'}

  '@polkadot/x-global@14.0.3':
    resolution: {integrity: sha512-MzMEynJ7HMTy/plLmdyP8rv14RS/6s29HZodUG9aCOscBnEiEDxVEax/ztRJqxhhQuHeYdx0LYDwVbdQDTkqNw==}
    engines: {node: '>=18'}

  '@polkadot/x-randomvalues@14.0.3':
    resolution: {integrity: sha512-qTPcrk0nIHL2tIu5e0cLj3puQvjCK7onehnqO2fvlmWeIlvDel66fwWs06Ipsib+CwLJdmE6WgNy+8Jv74r6YA==}
    engines: {node: '>=18'}
    peerDependencies:
      '@polkadot/util': 14.0.3
      '@polkadot/wasm-util': '*'

  '@polkadot/x-textdecoder@14.0.3':
    resolution: {integrity: sha512-4RJYDG00iUzQ7YAuS/yvkWRZlkjYU8PUNdJHRfqtJ+SjrSPB7LYYxFhLgw43TZUtHmIueNTsml2Ukv3xXTr2kA==}
    engines: {node: '>=18'}

  '@polkadot/x-textencoder@14.0.3':
    resolution: {integrity: sha512-9HH6o2L+r99wEfXhPb5g+Xwn7qouqD32PsMux7B0dFGR2KNqP4KwO19Hu+gdij6wsEhy7delhZwzHenrWwDfhQ==}
    engines: {node: '>=18'}

  '@scure/base@1.2.6':
    resolution: {integrity: sha512-g/nm5FgUa//MCj1gV09zTJTaM6KBAHqLN907YVQqf7zC49+DcO4B1so4ZX07Ef10Twr6nuqYEH9GEggFXA4Fmg==}

  '@scure/sr25519@0.2.0':
    resolution: {integrity: sha512-uUuLP7Z126XdSizKtrCGqYyR3b3hYtJ6Fg/XFUXmc2//k2aXHDLqZwFeXxL97gg4XydPROPVnuaHGF2+xriSKg==}

  '@substrate/ss58-registry@1.51.0':
    resolution: {integrity: sha512-TWDurLiPxndFgKjVavCniytBIw+t4ViOi7TYp9h/D0NMmkEc9klFTo+827eyEJ0lELpqO207Ey7uGxUa+BS1jQ==}

  '@types/bn.js@5.2.0':
    resolution: {integrity: sha512-DLbJ1BPqxvQhIGbeu8VbUC1DiAiahHtAYvA0ZEAa4P31F7IaArc8z3C3BRQdWX4mtLQuABG4yzp76ZrS02Ui1Q==}

  '@types/node@25.9.2':
    resolution: {integrity: sha512-G05zqtJhcDLb8uslf5EjCxXg9G1KQxiV8OS0R26IC//Eoyitzqe8z37I7cqvnZlrlSfgocQRfSn/AHBZJJFyGw==}

  bn.js@5.2.3:
    resolution: {integrity: sha512-EAcmnPkxpntVL+DS7bO1zhcZNvCkxqtkd0ZY53h06GNQ3DEkkGZ/gKgmDv6DdZQGj9BgfSPKtJJ7Dp1GPP8f7w==}

  rxjs@7.8.2:
    resolution: {integrity: sha512-dhKf903U/PQZY6boNNtAGdWbG85WAbjT/1xYoZIC7FAY0yWapOBQVsVrDl58W86//e1VpMNBtRV4MaXfdMySFA==}

  tslib@2.8.1:
    resolution: {integrity: sha512-oJFu94HQb+KVduSUQL7wnpmqnfmLsOA/nAh6b6EH0wCEoK0/mPeXU6c3wKDV83MkOuHPRHtSXKKU99IBazS/2w==}

  undici-types@7.24.6:
    resolution: {integrity: sha512-WRNW+sJgj5OBN4/0JpHFqtqzhpbnV0GuB+OozA9gCL7a993SmU+1JBZCzLNxYsbMfIeDL+lTsphD5jN5N+n0zg==}

snapshots:

  '@noble/curves@1.9.7':
    dependencies:
      '@noble/hashes': 1.8.0

  '@noble/hashes@1.8.0': {}

  '@polkadot/keyring@14.0.3(@polkadot/util-crypto@14.0.3(@polkadot/util@14.0.3))(@polkadot/util@14.0.3)':
    dependencies:
      '@polkadot/util': 14.0.3
      '@polkadot/util-crypto': 14.0.3(@polkadot/util@14.0.3)
      tslib: 2.8.1

  '@polkadot/networks@14.0.3':
    dependencies:
      '@polkadot/util': 14.0.3
      '@substrate/ss58-registry': 1.51.0
      tslib: 2.8.1

  '@polkadot/types-augment@16.5.6':
    dependencies:
      '@polkadot/types': 16.5.6
      '@polkadot/types-codec': 16.5.6
      '@polkadot/util': 14.0.3
      tslib: 2.8.1

  '@polkadot/types-codec@16.5.6':
    dependencies:
      '@polkadot/util': 14.0.3
      '@polkadot/x-bigint': 14.0.3
      tslib: 2.8.1

  '@polkadot/types-create@16.5.6':
    dependencies:
      '@polkadot/types-codec': 16.5.6
      '@polkadot/util': 14.0.3
      tslib: 2.8.1

  '@polkadot/types@16.5.6':
    dependencies:
      '@polkadot/keyring': 14.0.3(@polkadot/util-crypto@14.0.3(@polkadot/util@14.0.3))(@polkadot/util@14.0.3)
      '@polkadot/types-augment': 16.5.6
      '@polkadot/types-codec': 16.5.6
      '@polkadot/types-create': 16.5.6
      '@polkadot/util': 14.0.3
      '@polkadot/util-crypto': 14.0.3(@polkadot/util@14.0.3)
      rxjs: 7.8.2
      tslib: 2.8.1

  '@polkadot/util-crypto@14.0.3(@polkadot/util@14.0.3)':
    dependencies:
      '@noble/curves': 1.9.7
      '@noble/hashes': 1.8.0
      '@polkadot/networks': 14.0.3
      '@polkadot/util': 14.0.3
      '@polkadot/wasm-crypto': 7.5.4(@polkadot/util@14.0.3)(@polkadot/x-randomvalues@14.0.3(@polkadot/util@14.0.3)(@polkadot/wasm-util@7.5.4(@polkadot/util@14.0.3)))
      '@polkadot/wasm-util': 7.5.4(@polkadot/util@14.0.3)
      '@polkadot/x-bigint': 14.0.3
      '@polkadot/x-randomvalues': 14.0.3(@polkadot/util@14.0.3)(@polkadot/wasm-util@7.5.4(@polkadot/util@14.0.3))
      '@scure/base': 1.2.6
      '@scure/sr25519': 0.2.0
      tslib: 2.8.1

  '@polkadot/util@14.0.3':
    dependencies:
      '@polkadot/x-bigint': 14.0.3
      '@polkadot/x-global': 14.0.3
      '@polkadot/x-textdecoder': 14.0.3
      '@polkadot/x-textencoder': 14.0.3
      '@types/bn.js': 5.2.0
      bn.js: 5.2.3
      tslib: 2.8.1

  '@polkadot/wasm-bridge@7.5.4(@polkadot/util@14.0.3)(@polkadot/x-randomvalues@14.0.3(@polkadot/util@14.0.3)(@polkadot/wasm-util@7.5.4(@polkadot/util@14.0.3)))':
    dependencies:
      '@polkadot/util': 14.0.3
      '@polkadot/wasm-util': 7.5.4(@polkadot/util@14.0.3)
      '@polkadot/x-randomvalues': 14.0.3(@polkadot/util@14.0.3)(@polkadot/wasm-util@7.5.4(@polkadot/util@14.0.3))
      tslib: 2.8.1

  '@polkadot/wasm-crypto-asmjs@7.5.4(@polkadot/util@14.0.3)':
    dependencies:
      '@polkadot/util': 14.0.3
      tslib: 2.8.1

  '@polkadot/wasm-crypto-init@7.5.4(@polkadot/util@14.0.3)(@polkadot/x-randomvalues@14.0.3(@polkadot/util@14.0.3)(@polkadot/wasm-util@7.5.4(@polkadot/util@14.0.3)))':
    dependencies:
      '@polkadot/util': 14.0.3
      '@polkadot/wasm-bridge': 7.5.4(@polkadot/util@14.0.3)(@polkadot/x-randomvalues@14.0.3(@polkadot/util@14.0.3)(@polkadot/wasm-util@7.5.4(@polkadot/util@14.0.3)))
      '@polkadot/wasm-crypto-asmjs': 7.5.4(@polkadot/util@14.0.3)
      '@polkadot/wasm-crypto-wasm': 7.5.4(@polkadot/util@14.0.3)
      '@polkadot/wasm-util': 7.5.4(@polkadot/util@14.0.3)
      '@polkadot/x-randomvalues': 14.0.3(@polkadot/util@14.0.3)(@polkadot/wasm-util@7.5.4(@polkadot/util@14.0.3))
      tslib: 2.8.1

  '@polkadot/wasm-crypto-wasm@7.5.4(@polkadot/util@14.0.3)':
    dependencies:
      '@polkadot/util': 14.0.3
      '@polkadot/wasm-util': 7.5.4(@polkadot/util@14.0.3)
      tslib: 2.8.1

  '@polkadot/wasm-crypto@7.5.4(@polkadot/util@14.0.3)(@polkadot/x-randomvalues@14.0.3(@polkadot/util@14.0.3)(@polkadot/wasm-util@7.5.4(@polkadot/util@14.0.3)))':
    dependencies:
      '@polkadot/util': 14.0.3
      '@polkadot/wasm-bridge': 7.5.4(@polkadot/util@14.0.3)(@polkadot/x-randomvalues@14.0.3(@polkadot/util@14.0.3)(@polkadot/wasm-util@7.5.4(@polkadot/util@14.0.3)))
      '@polkadot/wasm-crypto-asmjs': 7.5.4(@polkadot/util@14.0.3)
      '@polkadot/wasm-crypto-init': 7.5.4(@polkadot/util@14.0.3)(@polkadot/x-randomvalues@14.0.3(@polkadot/util@14.0.3)(@polkadot/wasm-util@7.5.4(@polkadot/util@14.0.3)))
      '@polkadot/wasm-crypto-wasm': 7.5.4(@polkadot/util@14.0.3)
      '@polkadot/wasm-util': 7.5.4(@polkadot/util@14.0.3)
      '@polkadot/x-randomvalues': 14.0.3(@polkadot/util@14.0.3)(@polkadot/wasm-util@7.5.4(@polkadot/util@14.0.3))
      tslib: 2.8.1

  '@polkadot/wasm-util@7.5.4(@polkadot/util@14.0.3)':
    dependencies:
      '@polkadot/util': 14.0.3
      tslib: 2.8.1

  '@polkadot/x-bigint@14.0.3':
    dependencies:
      '@polkadot/x-global': 14.0.3
      tslib: 2.8.1

  '@polkadot/x-global@14.0.3':
    dependencies:
      tslib: 2.8.1

  '@polkadot/x-randomvalues@14.0.3(@polkadot/util@14.0.3)(@polkadot/wasm-util@7.5.4(@polkadot/util@14.0.3))':
    dependencies:
      '@polkadot/util': 14.0.3
      '@polkadot/wasm-util': 7.5.4(@polkadot/util@14.0.3)
      '@polkadot/x-global': 14.0.3
      tslib: 2.8.1

  '@polkadot/x-textdecoder@14.0.3':
    dependencies:
      '@polkadot/x-global': 14.0.3
      tslib: 2.8.1

  '@polkadot/x-textencoder@14.0.3':
    dependencies:
      '@polkadot/x-global': 14.0.3
      tslib: 2.8.1

  '@scure/base@1.2.6': {}

  '@scure/sr25519@0.2.0':
    dependencies:
      '@noble/curves': 1.9.7
      '@noble/hashes': 1.8.0

  '@substrate/ss58-registry@1.51.0': {}

  '@types/bn.js@5.2.0':
    dependencies:
      '@types/node': 25.9.2

  '@types/node@25.9.2':
    dependencies:
      undici-types: 7.24.6

  bn.js@5.2.3: {}

  rxjs@7.8.2:
    dependencies:
      tslib: 2.8.1

  tslib@2.8.1: {}

  undici-types@7.24.6: {}
